
Microsoft Visual Studio Solution File, Format Version 12.00
# Visual Studio Version 16
VisualStudioVersion = 16.0.31729.503
MinimumVisualStudioVersion = 10.0.40219.1
Project("{9A19103F-16F7-4668-BE54-9A1E7A4F7556}") = "BigramCounterTests", "BigramCounterTests\BigramCounterTests.csproj", "{8E20B716-D079-47BE-B915-19AEF6123C75}"
EndProject
Project("{FAE04EC0-301F-11D3-BF4B-00C04F79EFBC}") = "BigramCounterApp", "BigramCounterApp\BigramCounterApp.csproj", "{4030199E-9B09-4F2E-8867-20D38F46B701}"
EndProject
Global
	GlobalSection(SolutionConfigurationPlatforms) = preSolution
		Debug|Any CPU = Debug|Any CPU
		Release|Any CPU = Release|Any CPU
	EndGlobalSection
	GlobalSection(ProjectConfigurationPlatforms) = postSolution
		{8E20B716-D079-47BE-B915-19AEF6123C75}.Debug|Any CPU.ActiveCfg = Debug|Any CPU
		{8E20B716-D079-47BE-B915-19AEF6123C75}.Debug|Any CPU.Build.0 = Debug|Any CPU
		{8E20B716-D079-47BE-B915-19AEF6123C75}.Release|Any CPU.ActiveCfg = Release|Any CPU
		{8E20B716-D079-47BE-B915-19AEF6123C75}.Release|Any CPU.Build.0 = Release|Any CPU
		{4030199E-9B09-4F2E-8867-20D38F46B701}.Debug|Any CPU.ActiveCfg = Debug|Any CPU
		{4030199E-9B09-4F2E-8867-20D38F46B701}.Debug|Any CPU.Build.0 = Debug|Any CPU
		{4030199E-9B09-4F2E-8867-20D38F46B701}.Release|Any CPU.ActiveCfg = Release|Any CPU
		{4030199E-9B09-4F2E-8867-20D38F46B701}.Release|Any CPU.Build.0 = Release|Any CPU
	EndGlobalSection
	GlobalSection(SolutionProperties) = preSolution
		HideSolutionNode = FALSE
	EndGlobalSection
	GlobalSection(ExtensibilityGlobals) = postSolution
		SolutionGuid = {BE37097E-88CC-4AC9-8C8E-4CB9D7F6C461}
	EndGlobalSection
EndGlobal
